// !$*UTF8*$!
{
	archiveVersion = 1;
	classes = {
	};
	objectVersion = 50;
	objects = {

/* Begin PBXBuildFile section */
		D27E1DD820F75A2800B82F48 /* AppDelegate.m in Sources */ = {isa = PBXBuildFile; fileRef = D27E1DD720F75A2800B82F48 /* AppDelegate.m */; };
		D27E1DDB20F75A2800B82F48 /* ViewController.m in Sources */ = {isa = PBXBuildFile; fileRef = D27E1DDA20F75A2800B82F48 /* ViewController.m */; };
		D27E1DDE20F75A2800B82F48 /* Main.storyboard in Resources */ = {isa = PBXBuildFile; fileRef = D27E1DDC20F75A2800B82F48 /* Main.storyboard */; };
		D27E1DE020F75A2900B82F48 /* Assets.xcassets in Resources */ = {isa = PBXBuildFile; fileRef = D27E1DDF20F75A2900B82F48 /* Assets.xcassets */; };
		D27E1DE320F75A2900B82F48 /* LaunchScreen.storyboard in Resources */ = {isa = PBXBuildFile; fileRef = D27E1DE120F75A2900B82F48 /* LaunchScreen.storyboard */; };
		D27E1DE620F75A2900B82F48 /* main.m in Sources */ = {isa = PBXBuildFile; fileRef = D27E1DE520F75A2900B82F48 /* main.m */; };
/* End PBXBuildFile section */

/* Begin PBXFileReference section */
		D27E1DD320F75A2800B82F48 /* dbce.app */ = {isa = PBXFileReference; explicitFileType = wrapper.application; includeInIndex = 0; path = dbce.app; sourceTree = BUILT_PRODUCTS_DIR; };
		D27E1DD620F75A2800B82F48 /* AppDelegate.h */ = {isa = PBXFileReference; lastKnownFileType = sourcecode.c.h; path = AppDelegate.h; sourceTree = "<group>"; };
		D27E1DD720F75A2800B82F48 /* AppDelegate.m */ = {isa = PBXFileReference; lastKnownFileType = sourcecode.c.objc; path = AppDelegate.m; sourceTree = "<group>"; };
		D27E1DD920F75A2800B82F48 /* ViewController.h */ = {isa = PBXFileReference; lastKnownFileType = sourcecode.c.h; path = ViewController.h; sourceTree = "<group>"; };
		D27E1DDA20F75A2800B82F48 /* ViewController.m */ = {isa = PBXFileReference; lastKnownFileType = sourcecode.c.objc; path = ViewController.m; sourceTree = "<group>"; };
		D27E1DDD20F75A2800B82F48 /* Base */ = {isa = PBXFileReference; lastKnownFileType = file.storyboard; name = Base; path = Base.lproj/Main.storyboard; sourceTree = "<group>"; };
		D27E1DDF20F75A2900B82F48 /* Assets.xcassets */ = {isa = PBXFileReference; lastKnownFileType = folder.assetcatalog; path = Assets.xcassets; sourceTree = "<group>"; };
		D27E1DE220F75A2900B82F48 /* Base */ = {isa = PBXFileReference; lastKnownFileType = file.storyboard; name = Base; path = Base.lproj/LaunchScreen.storyboard; sourceTree = "<group>"; };
		D27E1DE420F75A2900B82F48 /* Info.plist */ = {isa = PBXFileReference; lastKnownFileType = text.plist.xml; path = Info.plist; sourceTree = "<group>"; };
		D27E1DE520F75A2900B82F48 /* main.m */ = {isa = PBXFileReference; lastKnownFileType = sourcecode.c.objc; path = main.m; sourceTree = "<group>"; };
/* End PBXFileReference section */

/* Begin PBXFrameworksBuildPhase section */
		D27E1DD020F75A2800B82F48 /* Frameworks */ = {
			isa = PBXFrameworksBuildPhase;
			buildActionMask = 2147483647;
			files = (
			);
			runOnlyForDeploymentPostprocessing = 0;
		};
/* End PBXFrameworksBuildPhase section */

/* Begin PBXGroup section */
		D27E1DCA20F75A2800B82F48 = {
			isa = PBXGroup;
			children = (
				D27E1DD520F75A2800B82F48 /* dbce */,
				D27E1DD420F75A2800B82F48 /* Products */,
			);
			sourceTree = "<group>";
		};
		D27E1DD420F75A2800B82F48 /* Products */ = {
			isa = PBXGroup;
			children = (
				D27E1DD320F75A2800B82F48 /* dbce.app */,
			);
			name = Products;
			sourceTree = "<group>";
		};
		D27E1DD520F75A2800B82F48 /* dbce */ = {
			isa = PBXGroup;
			children = (
				D27E1DD620F75A2800B82F48 /* AppDelegate.h */,
				D27E1DD720F75A2800B82F48 /* AppDelegate.m */,
				D27E1DD920F75A2800B82F48 /* ViewController.h */,
				D27E1DDA20F75A2800B82F48 /* ViewController.m */,
				D27E1DDC20F75A2800B82F48 /* Main.storyboard */,
				D27E1DDF20F75A2900B82F48 /* Assets.xcassets */,
				D27E1DE120F75A2900B82F48 /* LaunchScreen.storyboard */,
				D27E1DE420F75A2900B82F48 /* Info.plist */,
				D27E1DE520F75A2900B82F48 /* main.m */,
			);
			path = dbce;
			sourceTree = "<group>";
		};
/* End PBXGroup section */

/* Begin PBXNativeTarget section */
		D27E1DD220F75A2800B82F48 /* dbce */ = {
			isa = PBXNativeTarget;
			buildConfigurationList = D27E1DE920F75A2900B82F48 /* Build configuration list for PBXNativeTarget "dbce" */;
			buildPhases = (
				D27E1DCF20F75A2800B82F48 /* Sources */,
				D27E1DD020F75A2800B82F48 /* Frameworks */,
				D27E1DD120F75A2800B82F48 /* Resources */,
			);
			buildRules = (
			);
			dependencies = (
			);
			name = dbce;
			productName = dbce;
			productReference = D27E1DD320F75A2800B82F48 /* dbce.app */;
			productType = "com.apple.product-type.application";
		};
/* End PBXNativeTarget section */

/* Begin PBXProject section */
		D27E1DCB20F75A2800B82F48 /* Project object */ = {
			isa = PBXProject;
			attributes = {
				LastUpgradeCheck = 0930;
				ORGANIZATIONNAME = XcodeServer;
				TargetAttributes = {
					D27E1DD220F75A2800B82F48 = {
						CreatedOnToolsVersion = 9.3.1;
					};
				};
			};
			buildConfigurationList = D27E1DCE20F75A2800B82F48 /* Build configuration list for PBXProject "dbce" */;
			compatibilityVersion = "Xcode 9.3";
			developmentRegion = en;
			hasScannedForEncodings = 0;
			knownRegions = (
				en,
				Base,
			);
			mainGroup = D27E1DCA20F75A2800B82F48;
			productRefGroup = D27E1DD420F75A2800B82F48 /* Products */;
			projectDirPath = "";
			projectRoot = "";
			targets = (
				D27E1DD220F75A2800B82F48 /* dbce */,
			);
		};
/* End PBXProject section */

/* Begin PBXResourcesBuildPhase section */
		D27E1DD120F75A2800B82F48 /* Resources */ = {
			isa = PBXResourcesBuildPhase;
			buildActionMask = 2147483647;
			files = (
				D27E1DE320F75A2900B82F48 /* LaunchScreen.storyboard in Resources */,
				D27E1DE020F75A2900B82F48 /* Assets.xcassets in Resources */,
				D27E1DDE20F75A2800B82F48 /* Main.storyboard in Resources */,
			);
			runOnlyForDeploymentPostprocessing = 0;
		};
/* End PBXResourcesBuildPhase section */

/* Begin PBXSourcesBuildPhase section */
		D27E1DCF20F75A2800B82F48 /* Sources */ = {
			isa = PBXSourcesBuildPhase;
			buildActionMask = 2147483647;
			files = (
				D27E1DDB20F75A2800B82F48 /* ViewController.m in Sources */,
				D27E1DE620F75A2900B82F48 /* main.m in Sources */,
				D27E1DD820F75A2800B82F48 /* AppDelegate.m in Sources */,
			);
			runOnlyForDeploymentPostprocessing = 0;
		};
/* End PBXSourcesBuildPhase section */

/* Begin PBXVariantGroup section */
		D27E1DDC20F75A2800B82F48 /* Main.storyboard */ = {
			isa = PBXVariantGroup;
			children = (
				D27E1DDD20F75A2800B82F48 /* Base */,
			);
			name = Main.storyboard;
			sourceTree = "<group>";
		};
		D27E1DE120F75A2900B82F48 /* LaunchScreen.storyboard */ = {
			isa = PBXVariantGroup;
			children = (
				D27E1DE220F75A2900B82F48 /* Base */,
			);
			name = LaunchScreen.storyboard;
			sourceTree = "<group>";
		};
/* End PBXVariantGroup section */

/* Begin XCBuildConfiguration section */
		D27E1DE720F75A2900B82F48 /* Debug */ = {
			isa = XCBuildConfiguration;
			buildSettings = {
				ALWAYS_SEARCH_USER_PATHS = NO;
				CLANG_ANALYZER_NONNULL = YES;
				CLANG_ANALYZER_NUMBER_OBJECT_CONVERSION = YES_AGGRESSIVE;
				CLANG_CXX_LANGUAGE_STANDARD = "gnu++14";
				CLANG_CXX_LIBRARY = "libc++";
				CLANG_ENABLE_MODULES = YES;
				CLANG_ENABLE_OBJC_ARC = YES;
				CLANG_ENABLE_OBJC_WEAK = YES;
				CLANG_WARN_BLOCK_CAPTURE_AUTORELEASING = YES;
				CLANG_WARN_BOOL_CONVERSION = YES;
				CLANG_WARN_COMMA = YES;
				CLANG_WARN_CONSTANT_CONVERSION = YES;
				CLANG_WARN_DEPRECATED_OBJC_IMPLEMENTATIONS = YES;
				CLANG_WARN_DIRECT_OBJC_ISA_USAGE = YES_ERROR;
				CLANG_WARN_DOCUMENTATION_COMMENTS = YES;
				CLANG_WARN_EMPTY_BODY = YES;
				CLANG_WARN_ENUM_CONVERSION = YES;
				CLANG_WARN_INFINITE_RECURSION = YES;
				CLANG_WARN_INT_CONVERSION = YES;
				CLANG_WARN_NON_LITERAL_NULL_CONVERSION = YES;
				CLANG_WARN_OBJC_IMPLICIT_RETAIN_SELF = YES;
				CLANG_WARN_OBJC_LITERAL_CONVERSION = YES;
				CLANG_WARN_OBJC_ROOT_CLASS = YES_ERROR;
				CLANG_WARN_RANGE_LOOP_ANALYSIS = YES;
				CLANG_WARN_STRICT_PROTOTYPES = YES;
				CLANG_WARN_SUSPICIOUS_MOVE = YES;
				CLANG_WARN_UNGUARDED_AVAILABILITY = YES_AGGRESSIVE;
				CLANG_WARN_UNREACHABLE_CODE = YES;
				CLANG_WARN__DUPLICATE_METHOD_MATCH = YES;
				CODE_SIGN_IDENTITY = "iPhone Developer";
				COPY_PHASE_STRIP = NO;
				DEBUG_INFORMATION_FORMAT = dwarf;
				ENABLE_STRICT_OBJC_MSGSEND = YES;
				ENABLE_TESTABILITY = YES;
				GCC_C_LANGUAGE_STANDARD = gnu11;
				GCC_DYNAMIC_NO_PIC = NO;
				GCC_NO_COMMON_BLOCKS = YES;
				GCC_OPTIMIZATION_LEVEL = 0;
				GCC_PREPROCESSOR_DEFINITIONS = (
					"DEBUG=1",
					"$(inherited)",
				);
				GCC_WARN_64_TO_32_BIT_CONVERSION = YES;
				GCC_WARN_ABOUT_RETURN_TYPE = YES_ERROR;
				GCC_WARN_UNDECLARED_SELECTOR = YES;
				GCC_WARN_UNINITIALIZED_AUTOS = YES_AGGRESSIVE;
				GCC_WARN_UNUSED_FUNCTION = YES;
				GCC_WARN_UNUSED_VARIABLE = YES;
				IPHONEOS_DEPLOYMENT_TARGET = 11.3;
				MTL_ENABLE_DEBUG_INFO = YES;
				ONLY_ACTIVE_ARCH = YES;
				SDKROOT = iphoneos;
			};
			name = Debug;
		};
		D27E1DE820F75A2900B82F48 /* Release */ = {
			isa = XCBuildConfiguration;
			buildSettings = {
				ALWAYS_SEARCH_USER_PATHS = NO;
				CLANG_ANALYZER_NONNULL = YES;
				CLANG_ANALYZER_NUMBER_OBJECT_CONVERSION = YES_AGGRESSIVE;
				CLANG_CXX_LANGUAGE_STANDARD = "gnu++14";
				CLANG_CXX_LIBRARY = "libc++";
				CLANG_ENABLE_MODULES = YES;
				CLANG_ENABLE_OBJC_ARC = YES;
				CLANG_ENABLE_OBJC_WEAK = YES;
				CLANG_WARN_BLOCK_CAPTURE_AUTORELEASING = YES;
				CLANG_WARN_BOOL_CONVERSION = YES;
				CLANG_WARN_COMMA = YES;
				CLANG_WARN_CONSTANT_CONVERSION = YES;
				CLANG_WARN_DEPRECATED_OBJC_IMPLEMENTATIONS = YES;
				CLANG_WARN_DIRECT_OBJC_ISA_USAGE = YES_ERROR;
				CLANG_WARN_DOCUMENTATION_COMMENTS = YES;
				CLANG_WARN_EMPTY_BODY = YES;
				CLANG_WARN_ENUM_CONVERSION = YES;
				CLANG_WARN_INFINITE_RECURSION = YES;
				CLANG_WARN_INT_CONVERSION = YES;
				CLANG_WARN_NON_LITERAL_NULL_CONVERSION = YES;
				CLANG_WARN_OBJC_IMPLICIT_RETAIN_SELF = YES;
				CLANG_WARN_OBJC_LITERAL_CONVERSION = YES;
				CLANG_WARN_OBJC_ROOT_CLASS = YES_ERROR;
				CLANG_WARN_RANGE_LOOP_ANALYSIS = YES;
				CLANG_WARN_STRICT_PROTOTYPES = YES;
				CLANG_WARN_SUSPICIOUS_MOVE = YES;
				CLANG_WARN_UNGUARDED_AVAILABILITY = YES_AGGRESSIVE;
				CLANG_WARN_UNREACHABLE_CODE = YES;
				CLANG_WARN__DUPLICATE_METHOD_MATCH = YES;
				CODE_SIGN_IDENTITY = "iPhone Developer";
				COPY_PHASE_STRIP = NO;
				DEBUG_INFORMATION_FORMAT = "dwarf-with-dsym";
				ENABLE_NS_ASSERTIONS = NO;
				ENABLE_STRICT_OBJC_MSGSEND = YES;
				GCC_C_LANGUAGE_STANDARD = gnu11;
				GCC_NO_COMMON_BLOCKS = YES;
				GCC_WARN_64_TO_32_BIT_CONVERSION = YES;
				GCC_WARN_ABOUT_RETURN_TYPE = YES_ERROR;
				GCC_WARN_UNDECLARED_SELECTOR = YES;
				GCC_WARN_UNINITIALIZED_AUTOS = YES_AGGRESSIVE;
				GCC_WARN_UNUSED_FUNCTION = YES;
				GCC_WARN_UNUSED_VARIABLE = YES;
				IPHONEOS_DEPLOYMENT_TARGET = 11.3;
				MTL_ENABLE_DEBUG_INFO = NO;
				SDKROOT = iphoneos;
				VALIDATE_PRODUCT = YES;
			};
			name = Release;
		};
		D27E1DEA20F75A2900B82F48 /* Debug */ = {
			isa = XCBuildConfiguration;
			buildSettings = {
				ASSETCATALOG_COMPILER_APPICON_NAME = AppIcon;
				CODE_SIGN_STYLE = Automatic;
				DEVELOPMENT_TEAM = EVS35XY3A5;
				INFOPLIST_FILE = dbce/Info.plist;
				LD_RUNPATH_SEARCH_PATHS = (
					"$(inherited)",
					"@executable_path/Frameworks",
				);
				PRODUCT_BUNDLE_IDENTIFIER = com.58suyun.dbce1234;
				PRODUCT_NAME = "$(TARGET_NAME)";
				TARGETED_DEVICE_FAMILY = "1,2";
			};
			name = Debug;
		};
		D27E1DEB20F75A2900B82F48 /* Release */ = {
			isa = XCBuildConfiguration;
			buildSettings = {
				ASSETCATALOG_COMPILER_APPICON_NAME = AppIcon;
				CODE_SIGN_STYLE = Automatic;
				DEVELOPMENT_TEAM = EVS35XY3A5;
				INFOPLIST_FILE = dbce/Info.plist;
				LD_RUNPATH_SEARCH_PATHS = (
					"$(inherited)",
					"@executable_path/Frameworks",
				);
				PRODUCT_BUNDLE_IDENTIFIER = com.58suyun.dbce1234;
				PRODUCT_NAME = "$(TARGET_NAME)";
				TARGETED_DEVICE_FAMILY = "1,2";
			};
			name = Release;
		};
/* End XCBuildConfiguration section */

/* Begin XCConfigurationList section */
		D27E1DCE20F75A2800B82F48 /* Build configuration list for PBXProject "dbce" */ = {
			isa = XCConfigurationList;
			buildConfigurations = (
				D27E1DE720F75A2900B82F48 /* Debug */,
				D27E1DE820F75A2900B82F48 /* Release */,
			);
			defaultConfigurationIsVisible = 0;
			defaultConfigurationName = Release;
		};
		D27E1DE920F75A2900B82F48 /* Build configuration list for PBXNativeTarget "dbce" */ = {
			isa = XCConfigurationList;
			buildConfigurations = (
				D27E1DEA20F75A2900B82F48 /* Debug */,
				D27E1DEB20F75A2900B82F48 /* Release */,
			);
			defaultConfigurationIsVisible = 0;
			defaultConfigurationName = Release;
		};
/* End XCConfigurationList section */
	};
	rootObject = D27E1DCB20F75A2800B82F48 /* Project object */;
}
